
Microsoft Visual Studio Solution File, Format Version 12.00
# Visual Studio Version 16
VisualStudioVersion = 16.0.32929.386
MinimumVisualStudioVersion = 10.0.40219.1
Project("{FAE04EC0-301F-11D3-BF4B-00C04F79EFBC}") = "Shopping Spree", "Shopping Spree\Shopping Spree.csproj", "{306454D0-D1DF-4802-8A82-4AFB50E3D111}"
EndProject
Global
	GlobalSection(SolutionConfigurationPlatforms) = preSolution
		Debug|Any CPU = Debug|Any CPU
		Release|Any CPU = Release|Any CPU
	EndGlobalSection
	GlobalSection(ProjectConfigurationPlatforms) = postSolution
		{306454D0-D1DF-4802-8A82-4AFB50E3D111}.Debug|Any CPU.ActiveCfg = Debug|Any CPU
		{306454D0-D1DF-4802-8A82-4AFB50E3D111}.Debug|Any CPU.Build.0 = Debug|Any CPU
		{306454D0-D1DF-4802-8A82-4AFB50E3D111}.Release|Any CPU.ActiveCfg = Release|Any CPU
		{306454D0-D1DF-4802-8A82-4AFB50E3D111}.Release|Any CPU.Build.0 = Release|Any CPU
	EndGlobalSection
	GlobalSection(SolutionProperties) = preSolution
		HideSolutionNode = FALSE
	EndGlobalSection
	GlobalSection(ExtensibilityGlobals) = postSolution
		SolutionGuid = {C36EEF45-DB24-4B6B-8207-CF69971DE495}
	EndGlobalSection
EndGlobal
